github.com/go-chi/chi/v5 v5.0.4 h1:5e494iHzsYBiyXQAHHuI4tyJS9M3V84OuX3ufIIGHFo=
github.com/go-chi/chi/v5 v5.0.4/go.mod h1:DslCQbL2OYiznFReuXYUmQ2hGd1aDpCnlMNITLSKoi8=
github.com/google/uuid v1.3.0 h1:t6JiXgmwXMjEs8VusXIJk2BXHsn+wx8BZdTaoZ5fu7I=
github.com/google/uuid v1.3.0/go.mod h1:TIyPZe4MgqvfeYDBFedMoGGpEw/LqOeaOT+nhxU+yHo=
